
Microsoft Visual Studio Solution File, Format Version 12.00
# Visual Studio Version 17
VisualStudioVersion = 17.11.35219.272
MinimumVisualStudioVersion = 10.0.40219.1
Project("{FAE04EC0-301F-11D3-BF4B-00C04F79EFBC}") = "Consola", "Consola\Consola.csproj", "{81CFC7AF-9C64-4CB1-93CC-7BE4549B9DC1}"
EndProject
Project("{FAE04EC0-301F-11D3-BF4B-00C04F79EFBC}") = "Dominio", "Dominio\Dominio.csproj", "{57A2EADE-194F-4052-98DB-0E04A103B4A2}"
EndProject
Global
	GlobalSection(SolutionConfigurationPlatforms) = preSolution
		Debug|Any CPU = Debug|Any CPU
		Release|Any CPU = Release|Any CPU
	EndGlobalSection
	GlobalSection(ProjectConfigurationPlatforms) = postSolution
		{81CFC7AF-9C64-4CB1-93CC-7BE4549B9DC1}.Debug|Any CPU.ActiveCfg = Debug|Any CPU
		{81CFC7AF-9C64-4CB1-93CC-7BE4549B9DC1}.Debug|Any CPU.Build.0 = Debug|Any CPU
		{81CFC7AF-9C64-4CB1-93CC-7BE4549B9DC1}.Release|Any CPU.ActiveCfg = Release|Any CPU
		{81CFC7AF-9C64-4CB1-93CC-7BE4549B9DC1}.Release|Any CPU.Build.0 = Release|Any CPU
		{57A2EADE-194F-4052-98DB-0E04A103B4A2}.Debug|Any CPU.ActiveCfg = Debug|Any CPU
		{57A2EADE-194F-4052-98DB-0E04A103B4A2}.Debug|Any CPU.Build.0 = Debug|Any CPU
		{57A2EADE-194F-4052-98DB-0E04A103B4A2}.Release|Any CPU.ActiveCfg = Release|Any CPU
		{57A2EADE-194F-4052-98DB-0E04A103B4A2}.Release|Any CPU.Build.0 = Release|Any CPU
	EndGlobalSection
	GlobalSection(SolutionProperties) = preSolution
		HideSolutionNode = FALSE
	EndGlobalSection
	GlobalSection(ExtensibilityGlobals) = postSolution
		SolutionGuid = {199E0B71-A27E-47BD-A8B6-2747EE6CBB02}
	EndGlobalSection
EndGlobal
